// !$*UTF8*$!
{
	archiveVersion = 1;
	classes = {
	};
	objectVersion = 50;
	objects = {

/* Begin PBXAggregateTarget section */
		72CE15F821674DA900184F3B /* SwiftLint */ = {
			isa = PBXAggregateTarget;
			buildConfigurationList = 72CE15F921674DA900184F3B /* Build configuration list for PBXAggregateTarget "SwiftLint" */;
			buildPhases = (
				72CE160221674DEE00184F3B /* ShellScript */,
			);
			dependencies = (
			);
			name = SwiftLint;
			productName = SwiftLint;
		};
/* End PBXAggregateTarget section */

/* Begin PBXBuildFile section */
		72BE50B821675C8B00B7AF85 /* HomeRouter.swift in Sources */ = {isa = PBXBuildFile; fileRef = 72BE50B721675C8B00B7AF85 /* HomeRouter.swift */; };
		72BE50BB216763C400B7AF85 /* MainRouter.swift in Sources */ = {isa = PBXBuildFile; fileRef = 72BE50BA216763C400B7AF85 /* MainRouter.swift */; };
		72BE50BE2167645800B7AF85 /* SettingsRouter.swift in Sources */ = {isa = PBXBuildFile; fileRef = 72BE50BD2167645800B7AF85 /* SettingsRouter.swift */; };
		72BE50C12167699900B7AF85 /* BaseRouter.swift in Sources */ = {isa = PBXBuildFile; fileRef = 72BE50C02167699900B7AF85 /* BaseRouter.swift */; };
		72BE50C421676C4A00B7AF85 /* LoginRouter.swift in Sources */ = {isa = PBXBuildFile; fileRef = 72BE50C321676C4A00B7AF85 /* LoginRouter.swift */; };
		72BE50C621676C8200B7AF85 /* LoginViewController.swift in Sources */ = {isa = PBXBuildFile; fileRef = 72BE50C521676C8200B7AF85 /* LoginViewController.swift */; };
		72BE50C921676F9F00B7AF85 /* EncapsulatingLayoutContainer.swift in Sources */ = {isa = PBXBuildFile; fileRef = 72BE50C821676F9F00B7AF85 /* EncapsulatingLayoutContainer.swift */; };
		72BE50CB2167762900B7AF85 /* UIButton+Label.swift in Sources */ = {isa = PBXBuildFile; fileRef = 72BE50CA2167762900B7AF85 /* UIButton+Label.swift */; };
		72BE50CD2167796200B7AF85 /* SettingsViewController.swift in Sources */ = {isa = PBXBuildFile; fileRef = 72BE50CC2167796200B7AF85 /* SettingsViewController.swift */; };
		72BE50D12167839700B7AF85 /* Router.swift in Sources */ = {isa = PBXBuildFile; fileRef = 72BE50B5216750A600B7AF85 /* Router.swift */; };
		72BE50D2216783A200B7AF85 /* ClockworkRouter.framework in Frameworks */ = {isa = PBXBuildFile; fileRef = 72CE15D921674CD800184F3B /* ClockworkRouter.framework */; };
		72BE50D3216783A200B7AF85 /* ClockworkRouter.framework in Embed Frameworks */ = {isa = PBXBuildFile; fileRef = 72CE15D921674CD800184F3B /* ClockworkRouter.framework */; settings = {ATTRIBUTES = (CodeSignOnCopy, RemoveHeadersOnCopy, ); }; };
		72CE15E221674CD800184F3B /* ClockworkRouter.framework in Frameworks */ = {isa = PBXBuildFile; fileRef = 72CE15D921674CD800184F3B /* ClockworkRouter.framework */; };
		72CE15E921674CD800184F3B /* ClockworkRouterTests.swift in Sources */ = {isa = PBXBuildFile; fileRef = 72CE15E821674CD800184F3B /* ClockworkRouterTests.swift */; };
		72CE15EB21674CD800184F3B /* ClockworkRouter.h in Headers */ = {isa = PBXBuildFile; fileRef = 72CE15DB21674CD800184F3B /* ClockworkRouter.h */; settings = {ATTRIBUTES = (Public, ); }; };
		72F47914216746BF0083EDBE /* AppDelegate.swift in Sources */ = {isa = PBXBuildFile; fileRef = 72F47913216746BF0083EDBE /* AppDelegate.swift */; };
		72F47916216746BF0083EDBE /* HomeViewController.swift in Sources */ = {isa = PBXBuildFile; fileRef = 72F47915216746BF0083EDBE /* HomeViewController.swift */; };
		72F4791B216746C00083EDBE /* Assets.xcassets in Resources */ = {isa = PBXBuildFile; fileRef = 72F4791A216746C00083EDBE /* Assets.xcassets */; };
		72F4791E216746C00083EDBE /* LaunchScreen.storyboard in Resources */ = {isa = PBXBuildFile; fileRef = 72F4791C216746C00083EDBE /* LaunchScreen.storyboard */; };
/* End PBXBuildFile section */

/* Begin PBXContainerItemProxy section */
		72BE50D4216783A200B7AF85 /* PBXContainerItemProxy */ = {
			isa = PBXContainerItemProxy;
			containerPortal = 72F47908216746BF0083EDBE /* Project object */;
			proxyType = 1;
			remoteGlobalIDString = 72CE15D821674CD800184F3B;
			remoteInfo = ClockworkRouter;
		};
		72CE15E321674CD800184F3B /* PBXContainerItemProxy */ = {
			isa = PBXContainerItemProxy;
			containerPortal = 72F47908216746BF0083EDBE /* Project object */;
			proxyType = 1;
			remoteGlobalIDString = 72CE15D821674CD800184F3B;
			remoteInfo = ClockworkRouter;
		};
		72CE15E521674CD800184F3B /* PBXContainerItemProxy */ = {
			isa = PBXContainerItemProxy;
			containerPortal = 72F47908216746BF0083EDBE /* Project object */;
			proxyType = 1;
			remoteGlobalIDString = 72F4790F216746BF0083EDBE;
			remoteInfo = ClockworkRouterDemo;
		};
		72CE15FC21674DB600184F3B /* PBXContainerItemProxy */ = {
			isa = PBXContainerItemProxy;
			containerPortal = 72F47908216746BF0083EDBE /* Project object */;
			proxyType = 1;
			remoteGlobalIDString = 72CE15F821674DA900184F3B;
			remoteInfo = SwiftLint;
		};
		72CE15FE21674DBD00184F3B /* PBXContainerItemProxy */ = {
			isa = PBXContainerItemProxy;
			containerPortal = 72F47908216746BF0083EDBE /* Project object */;
			proxyType = 1;
			remoteGlobalIDString = 72CE15F821674DA900184F3B;
			remoteInfo = SwiftLint;
		};
		72CE160021674DC300184F3B /* PBXContainerItemProxy */ = {
			isa = PBXContainerItemProxy;
			containerPortal = 72F47908216746BF0083EDBE /* Project object */;
			proxyType = 1;
			remoteGlobalIDString = 72CE15F821674DA900184F3B;
			remoteInfo = SwiftLint;
		};
/* End PBXContainerItemProxy section */

/* Begin PBXCopyFilesBuildPhase section */
		72BE50D6216783A300B7AF85 /* Embed Frameworks */ = {
			isa = PBXCopyFilesBuildPhase;
			buildActionMask = 2147483647;
			dstPath = "";
			dstSubfolderSpec = 10;
			files = (
				72BE50D3216783A200B7AF85 /* ClockworkRouter.framework in Embed Frameworks */,
			);
			name = "Embed Frameworks";
			runOnlyForDeploymentPostprocessing = 0;
		};
/* End PBXCopyFilesBuildPhase section */

/* Begin PBXFileReference section */
		72BE50B5216750A600B7AF85 /* Router.swift */ = {isa = PBXFileReference; fileEncoding = 4; lastKnownFileType = sourcecode.swift; path = Router.swift; sourceTree = "<group>"; };
		72BE50B721675C8B00B7AF85 /* HomeRouter.swift */ = {isa = PBXFileReference; lastKnownFileType = sourcecode.swift; path = HomeRouter.swift; sourceTree = "<group>"; };
		72BE50BA216763C400B7AF85 /* MainRouter.swift */ = {isa = PBXFileReference; lastKnownFileType = sourcecode.swift; path = MainRouter.swift; sourceTree = "<group>"; };
		72BE50BD2167645800B7AF85 /* SettingsRouter.swift */ = {isa = PBXFileReference; lastKnownFileType = sourcecode.swift; path = SettingsRouter.swift; sourceTree = "<group>"; };
		72BE50C02167699900B7AF85 /* BaseRouter.swift */ = {isa = PBXFileReference; lastKnownFileType = sourcecode.swift; path = BaseRouter.swift; sourceTree = "<group>"; };
		72BE50C321676C4A00B7AF85 /* LoginRouter.swift */ = {isa = PBXFileReference; lastKnownFileType = sourcecode.swift; path = LoginRouter.swift; sourceTree = "<group>"; };
		72BE50C521676C8200B7AF85 /* LoginViewController.swift */ = {isa = PBXFileReference; lastKnownFileType = sourcecode.swift; path = LoginViewController.swift; sourceTree = "<group>"; };
		72BE50C821676F9F00B7AF85 /* EncapsulatingLayoutContainer.swift */ = {isa = PBXFileReference; lastKnownFileType = sourcecode.swift; path = EncapsulatingLayoutContainer.swift; sourceTree = "<group>"; };
		72BE50CA2167762900B7AF85 /* UIButton+Label.swift */ = {isa = PBXFileReference; lastKnownFileType = sourcecode.swift; path = "UIButton+Label.swift"; sourceTree = "<group>"; };
		72BE50CC2167796200B7AF85 /* SettingsViewController.swift */ = {isa = PBXFileReference; lastKnownFileType = sourcecode.swift; path = SettingsViewController.swift; sourceTree = "<group>"; };
		72CE15D921674CD800184F3B /* ClockworkRouter.framework */ = {isa = PBXFileReference; explicitFileType = wrapper.framework; includeInIndex = 0; path = ClockworkRouter.framework; sourceTree = BUILT_PRODUCTS_DIR; };
		72CE15DB21674CD800184F3B /* ClockworkRouter.h */ = {isa = PBXFileReference; lastKnownFileType = sourcecode.c.h; path = ClockworkRouter.h; sourceTree = "<group>"; };
		72CE15DC21674CD800184F3B /* Info.plist */ = {isa = PBXFileReference; lastKnownFileType = text.plist.xml; path = Info.plist; sourceTree = "<group>"; };
		72CE15E121674CD800184F3B /* ClockworkRouterTests.xctest */ = {isa = PBXFileReference; explicitFileType = wrapper.cfbundle; includeInIndex = 0; path = ClockworkRouterTests.xctest; sourceTree = BUILT_PRODUCTS_DIR; };
		72CE15E821674CD800184F3B /* ClockworkRouterTests.swift */ = {isa = PBXFileReference; lastKnownFileType = sourcecode.swift; path = ClockworkRouterTests.swift; sourceTree = "<group>"; };
		72CE15EA21674CD800184F3B /* Info.plist */ = {isa = PBXFileReference; lastKnownFileType = text.plist.xml; path = Info.plist; sourceTree = "<group>"; };
		72F47910216746BF0083EDBE /* ClockworkRouterDemo.app */ = {isa = PBXFileReference; explicitFileType = wrapper.application; includeInIndex = 0; path = ClockworkRouterDemo.app; sourceTree = BUILT_PRODUCTS_DIR; };
		72F47913216746BF0083EDBE /* AppDelegate.swift */ = {isa = PBXFileReference; lastKnownFileType = sourcecode.swift; path = AppDelegate.swift; sourceTree = "<group>"; };
		72F47915216746BF0083EDBE /* HomeViewController.swift */ = {isa = PBXFileReference; lastKnownFileType = sourcecode.swift; path = HomeViewController.swift; sourceTree = "<group>"; };
		72F4791A216746C00083EDBE /* Assets.xcassets */ = {isa = PBXFileReference; lastKnownFileType = folder.assetcatalog; path = Assets.xcassets; sourceTree = "<group>"; };
		72F4791D216746C00083EDBE /* Base */ = {isa = PBXFileReference; lastKnownFileType = file.storyboard; name = Base; path = Base.lproj/LaunchScreen.storyboard; sourceTree = "<group>"; };
		72F4791F216746C00083EDBE /* Info.plist */ = {isa = PBXFileReference; lastKnownFileType = text.plist.xml; path = Info.plist; sourceTree = "<group>"; };
/* End PBXFileReference section */

/* Begin PBXFrameworksBuildPhase section */
		72CE15D621674CD800184F3B /* Frameworks */ = {
			isa = PBXFrameworksBuildPhase;
			buildActionMask = 2147483647;
			files = (
			);
			runOnlyForDeploymentPostprocessing = 0;
		};
		72CE15DE21674CD800184F3B /* Frameworks */ = {
			isa = PBXFrameworksBuildPhase;
			buildActionMask = 2147483647;
			files = (
				72CE15E221674CD800184F3B /* ClockworkRouter.framework in Frameworks */,
			);
			runOnlyForDeploymentPostprocessing = 0;
		};
		72F4790D216746BF0083EDBE /* Frameworks */ = {
			isa = PBXFrameworksBuildPhase;
			buildActionMask = 2147483647;
			files = (
				72BE50D2216783A200B7AF85 /* ClockworkRouter.framework in Frameworks */,
			);
			runOnlyForDeploymentPostprocessing = 0;
		};
/* End PBXFrameworksBuildPhase section */

/* Begin PBXGroup section */
		72BE50B9216763B300B7AF85 /* Main */ = {
			isa = PBXGroup;
			children = (
				72BE50BA216763C400B7AF85 /* MainRouter.swift */,
			);
			path = Main;
			sourceTree = "<group>";
		};
		72BE50BC2167644800B7AF85 /* Settings */ = {
			isa = PBXGroup;
			children = (
				72BE50BD2167645800B7AF85 /* SettingsRouter.swift */,
				72BE50CC2167796200B7AF85 /* SettingsViewController.swift */,
			);
			path = Settings;
			sourceTree = "<group>";
		};
		72BE50BF216768C500B7AF85 /* Base */ = {
			isa = PBXGroup;
			children = (
				72BE50C02167699900B7AF85 /* BaseRouter.swift */,
			);
			path = Base;
			sourceTree = "<group>";
		};
		72BE50C221676C2A00B7AF85 /* Login */ = {
			isa = PBXGroup;
			children = (
				72BE50C321676C4A00B7AF85 /* LoginRouter.swift */,
				72BE50C521676C8200B7AF85 /* LoginViewController.swift */,
			);
			path = Login;
			sourceTree = "<group>";
		};
		72BE50C721676F9300B7AF85 /* Helpers */ = {
			isa = PBXGroup;
			children = (
				72BE50C821676F9F00B7AF85 /* EncapsulatingLayoutContainer.swift */,
				72BE50CA2167762900B7AF85 /* UIButton+Label.swift */,
			);
			path = Helpers;
			sourceTree = "<group>";
		};
		72CE15DA21674CD800184F3B /* ClockworkRouter */ = {
			isa = PBXGroup;
			children = (
				72BE50B5216750A600B7AF85 /* Router.swift */,
				72CE15F621674CF100184F3B /* Assets */,
			);
			path = ClockworkRouter;
			sourceTree = "<group>";
		};
		72CE15E721674CD800184F3B /* ClockworkRouterTests */ = {
			isa = PBXGroup;
			children = (
				72CE15F721674D0E00184F3B /* Assets */,
				72CE15E821674CD800184F3B /* ClockworkRouterTests.swift */,
			);
			path = ClockworkRouterTests;
			sourceTree = "<group>";
		};
		72CE15F621674CF100184F3B /* Assets */ = {
			isa = PBXGroup;
			children = (
				72CE15DB21674CD800184F3B /* ClockworkRouter.h */,
				72CE15DC21674CD800184F3B /* Info.plist */,
			);
			path = Assets;
			sourceTree = "<group>";
		};
		72CE15F721674D0E00184F3B /* Assets */ = {
			isa = PBXGroup;
			children = (
				72CE15EA21674CD800184F3B /* Info.plist */,
			);
			path = Assets;
			sourceTree = "<group>";
		};
		72F47907216746BF0083EDBE = {
			isa = PBXGroup;
			children = (
				72F47912216746BF0083EDBE /* ClockworkRouterDemo */,
				72CE15DA21674CD800184F3B /* ClockworkRouter */,
				72CE15E721674CD800184F3B /* ClockworkRouterTests */,
				72F47911216746BF0083EDBE /* Products */,
			);
			sourceTree = "<group>";
		};
		72F47911216746BF0083EDBE /* Products */ = {
			isa = PBXGroup;
			children = (
				72F47910216746BF0083EDBE /* ClockworkRouterDemo.app */,
				72CE15D921674CD800184F3B /* ClockworkRouter.framework */,
				72CE15E121674CD800184F3B /* ClockworkRouterTests.xctest */,
			);
			name = Products;
			sourceTree = "<group>";
		};
		72F47912216746BF0083EDBE /* ClockworkRouterDemo */ = {
			isa = PBXGroup;
			children = (
				72BE50C721676F9300B7AF85 /* Helpers */,
				72F47935216747FF0083EDBE /* App Delegate */,
				72F47933216747690083EDBE /* Assets */,
				72BE50BF216768C500B7AF85 /* Base */,
				72BE50C221676C2A00B7AF85 /* Login */,
				72BE50B9216763B300B7AF85 /* Main */,
				72BE50BC2167644800B7AF85 /* Settings */,
				72F47936216748110083EDBE /* Home */,
			);
			path = ClockworkRouterDemo;
			sourceTree = "<group>";
		};
		72F47933216747690083EDBE /* Assets */ = {
			isa = PBXGroup;
			children = (
				72F4791F216746C00083EDBE /* Info.plist */,
				72F4791C216746C00083EDBE /* LaunchScreen.storyboard */,
				72F4791A216746C00083EDBE /* Assets.xcassets */,
			);
			path = Assets;
			sourceTree = "<group>";
		};
		72F47935216747FF0083EDBE /* App Delegate */ = {
			isa = PBXGroup;
			children = (
				72F47913216746BF0083EDBE /* AppDelegate.swift */,
			);
			path = "App Delegate";
			sourceTree = "<group>";
		};
		72F47936216748110083EDBE /* Home */ = {
			isa = PBXGroup;
			children = (
				72F47915216746BF0083EDBE /* HomeViewController.swift */,
				72BE50B721675C8B00B7AF85 /* HomeRouter.swift */,
			);
			path = Home;
			sourceTree = "<group>";
		};
/* End PBXGroup section */

/* Begin PBXHeadersBuildPhase section */
		72CE15D421674CD800184F3B /* Headers */ = {
			isa = PBXHeadersBuildPhase;
			buildActionMask = 2147483647;
			files = (
				72CE15EB21674CD800184F3B /* ClockworkRouter.h in Headers */,
			);
			runOnlyForDeploymentPostprocessing = 0;
		};
/* End PBXHeadersBuildPhase section */

/* Begin PBXNativeTarget section */
		72CE15D821674CD800184F3B /* ClockworkRouter */ = {
			isa = PBXNativeTarget;
			buildConfigurationList = 72CE15F021674CD800184F3B /* Build configuration list for PBXNativeTarget "ClockworkRouter" */;
			buildPhases = (
				72CE15D421674CD800184F3B /* Headers */,
				72CE15D521674CD800184F3B /* Sources */,
				72CE15D621674CD800184F3B /* Frameworks */,
				72CE15D721674CD800184F3B /* Resources */,
			);
			buildRules = (
			);
			dependencies = (
				72CE15FF21674DBD00184F3B /* PBXTargetDependency */,
			);
			name = ClockworkRouter;
			productName = ClockworkRouter;
			productReference = 72CE15D921674CD800184F3B /* ClockworkRouter.framework */;
			productType = "com.apple.product-type.framework";
		};
		72CE15E021674CD800184F3B /* ClockworkRouterTests */ = {
			isa = PBXNativeTarget;
			buildConfigurationList = 72CE15F321674CD800184F3B /* Build configuration list for PBXNativeTarget "ClockworkRouterTests" */;
			buildPhases = (
				72CE15DD21674CD800184F3B /* Sources */,
				72CE15DE21674CD800184F3B /* Frameworks */,
				72CE15DF21674CD800184F3B /* Resources */,
			);
			buildRules = (
			);
			dependencies = (
				72CE15FD21674DB600184F3B /* PBXTargetDependency */,
				72CE15E421674CD800184F3B /* PBXTargetDependency */,
				72CE15E621674CD800184F3B /* PBXTargetDependency */,
			);
			name = ClockworkRouterTests;
			productName = ClockworkRouterTests;
			productReference = 72CE15E121674CD800184F3B /* ClockworkRouterTests.xctest */;
			productType = "com.apple.product-type.bundle.unit-test";
		};
		72F4790F216746BF0083EDBE /* ClockworkRouterDemo */ = {
			isa = PBXNativeTarget;
			buildConfigurationList = 72F4792D216746C00083EDBE /* Build configuration list for PBXNativeTarget "ClockworkRouterDemo" */;
			buildPhases = (
				72F4790C216746BF0083EDBE /* Sources */,
				72F4790D216746BF0083EDBE /* Frameworks */,
				72F4790E216746BF0083EDBE /* Resources */,
				72BE50D6216783A300B7AF85 /* Embed Frameworks */,
			);
			buildRules = (
			);
			dependencies = (
				72CE160121674DC300184F3B /* PBXTargetDependency */,
				72BE50D5216783A200B7AF85 /* PBXTargetDependency */,
			);
			name = ClockworkRouterDemo;
			productName = ClockworkRouter;
			productReference = 72F47910216746BF0083EDBE /* ClockworkRouterDemo.app */;
			productType = "com.apple.product-type.application";
		};
/* End PBXNativeTarget section */

/* Begin PBXProject section */
		72F47908216746BF0083EDBE /* Project object */ = {
			isa = PBXProject;
			attributes = {
				LastSwiftUpdateCheck = 1000;
				LastUpgradeCheck = 1000;
				ORGANIZATIONNAME = AtelierClockwork;
				TargetAttributes = {
					72CE15D821674CD800184F3B = {
						CreatedOnToolsVersion = 10.0;
						LastSwiftMigration = 1000;
					};
					72CE15E021674CD800184F3B = {
						CreatedOnToolsVersion = 10.0;
						TestTargetID = 72F4790F216746BF0083EDBE;
					};
					72CE15F821674DA900184F3B = {
						CreatedOnToolsVersion = 10.0;
					};
					72F4790F216746BF0083EDBE = {
						CreatedOnToolsVersion = 10.0;
					};
				};
			};
			buildConfigurationList = 72F4790B216746BF0083EDBE /* Build configuration list for PBXProject "ClockworkRouter" */;
			compatibilityVersion = "Xcode 9.3";
			developmentRegion = en;
			hasScannedForEncodings = 0;
			knownRegions = (
				en,
				Base,
			);
			mainGroup = 72F47907216746BF0083EDBE;
			productRefGroup = 72F47911216746BF0083EDBE /* Products */;
			projectDirPath = "";
			projectRoot = "";
			targets = (
				72F4790F216746BF0083EDBE /* ClockworkRouterDemo */,
				72CE15D821674CD800184F3B /* ClockworkRouter */,
				72CE15E021674CD800184F3B /* ClockworkRouterTests */,
				72CE15F821674DA900184F3B /* SwiftLint */,
			);
		};
/* End PBXProject section */

/* Begin PBXResourcesBuildPhase section */
		72CE15D721674CD800184F3B /* Resources */ = {
			isa = PBXResourcesBuildPhase;
			buildActionMask = 2147483647;
			files = (
			);
			runOnlyForDeploymentPostprocessing = 0;
		};
		72CE15DF21674CD800184F3B /* Resources */ = {
			isa = PBXResourcesBuildPhase;
			buildActionMask = 2147483647;
			files = (
			);
			runOnlyForDeploymentPostprocessing = 0;
		};
		72F4790E216746BF0083EDBE /* Resources */ = {
			isa = PBXResourcesBuildPhase;
			buildActionMask = 2147483647;
			files = (
				72F4791E216746C00083EDBE /* LaunchScreen.storyboard in Resources */,
				72F4791B216746C00083EDBE /* Assets.xcassets in Resources */,
			);
			runOnlyForDeploymentPostprocessing = 0;
		};
/* End PBXResourcesBuildPhase section */

/* Begin PBXShellScriptBuildPhase section */
		72CE160221674DEE00184F3B /* ShellScript */ = {
			isa = PBXShellScriptBuildPhase;
			buildActionMask = 2147483647;
			files = (
			);
			inputFileListPaths = (
			);
			inputPaths = (
			);
			outputFileListPaths = (
			);
			outputPaths = (
			);
			runOnlyForDeploymentPostprocessing = 0;
			shellPath = /bin/sh;
			shellScript = "if which swiftlint >/dev/null; then\n    swiftlint\nelse\n    echo \"warning: SwiftLint not installed, download from https://github.com/realm/SwiftLint\"\nfi\n";
		};
/* End PBXShellScriptBuildPhase section */

/* Begin PBXSourcesBuildPhase section */
		72CE15D521674CD800184F3B /* Sources */ = {
			isa = PBXSourcesBuildPhase;
			buildActionMask = 2147483647;
			files = (
				72BE50D12167839700B7AF85 /* Router.swift in Sources */,
			);
			runOnlyForDeploymentPostprocessing = 0;
		};
		72CE15DD21674CD800184F3B /* Sources */ = {
			isa = PBXSourcesBuildPhase;
			buildActionMask = 2147483647;
			files = (
				72CE15E921674CD800184F3B /* ClockworkRouterTests.swift in Sources */,
			);
			runOnlyForDeploymentPostprocessing = 0;
		};
		72F4790C216746BF0083EDBE /* Sources */ = {
			isa = PBXSourcesBuildPhase;
			buildActionMask = 2147483647;
			files = (
				72F47916216746BF0083EDBE /* HomeViewController.swift in Sources */,
				72BE50C12167699900B7AF85 /* BaseRouter.swift in Sources */,
				72BE50CD2167796200B7AF85 /* SettingsViewController.swift in Sources */,
				72BE50C921676F9F00B7AF85 /* EncapsulatingLayoutContainer.swift in Sources */,
				72BE50B821675C8B00B7AF85 /* HomeRouter.swift in Sources */,
				72F47914216746BF0083EDBE /* AppDelegate.swift in Sources */,
				72BE50C621676C8200B7AF85 /* LoginViewController.swift in Sources */,
				72BE50CB2167762900B7AF85 /* UIButton+Label.swift in Sources */,
				72BE50BB216763C400B7AF85 /* MainRouter.swift in Sources */,
				72BE50C421676C4A00B7AF85 /* LoginRouter.swift in Sources */,
				72BE50BE2167645800B7AF85 /* SettingsRouter.swift in Sources */,
			);
			runOnlyForDeploymentPostprocessing = 0;
		};
/* End PBXSourcesBuildPhase section */

/* Begin PBXTargetDependency section */
		72BE50D5216783A200B7AF85 /* PBXTargetDependency */ = {
			isa = PBXTargetDependency;
			target = 72CE15D821674CD800184F3B /* ClockworkRouter */;
			targetProxy = 72BE50D4216783A200B7AF85 /* PBXContainerItemProxy */;
		};
		72CE15E421674CD800184F3B /* PBXTargetDependency */ = {
			isa = PBXTargetDependency;
			target = 72CE15D821674CD800184F3B /* ClockworkRouter */;
			targetProxy = 72CE15E321674CD800184F3B /* PBXContainerItemProxy */;
		};
		72CE15E621674CD800184F3B /* PBXTargetDependency */ = {
			isa = PBXTargetDependency;
			target = 72F4790F216746BF0083EDBE /* ClockworkRouterDemo */;
			targetProxy = 72CE15E521674CD800184F3B /* PBXContainerItemProxy */;
		};
		72CE15FD21674DB600184F3B /* PBXTargetDependency */ = {
			isa = PBXTargetDependency;
			target = 72CE15F821674DA900184F3B /* SwiftLint */;
			targetProxy = 72CE15FC21674DB600184F3B /* PBXContainerItemProxy */;
		};
		72CE15FF21674DBD00184F3B /* PBXTargetDependency */ = {
			isa = PBXTargetDependency;
			target = 72CE15F821674DA900184F3B /* SwiftLint */;
			targetProxy = 72CE15FE21674DBD00184F3B /* PBXContainerItemProxy */;
		};
		72CE160121674DC300184F3B /* PBXTargetDependency */ = {
			isa = PBXTargetDependency;
			target = 72CE15F821674DA900184F3B /* SwiftLint */;
			targetProxy = 72CE160021674DC300184F3B /* PBXContainerItemProxy */;
		};
/* End PBXTargetDependency section */

/* Begin PBXVariantGroup section */
		72F4791C216746C00083EDBE /* LaunchScreen.storyboard */ = {
			isa = PBXVariantGroup;
			children = (
				72F4791D216746C00083EDBE /* Base */,
			);
			name = LaunchScreen.storyboard;
			sourceTree = "<group>";
		};
/* End PBXVariantGroup section */

/* Begin XCBuildConfiguration section */
		72CE15F121674CD800184F3B /* Debug */ = {
			isa = XCBuildConfiguration;
			buildSettings = {
				CLANG_ENABLE_MODULES = YES;
				CODE_SIGN_IDENTITY = "";
				CODE_SIGN_STYLE = Automatic;
				CURRENT_PROJECT_VERSION = 1;
				DEFINES_MODULE = YES;
				DEVELOPMENT_TEAM = 8NQ6VJNLCQ;
				DYLIB_COMPATIBILITY_VERSION = 1;
				DYLIB_CURRENT_VERSION = 1;
				DYLIB_INSTALL_NAME_BASE = "@rpath";
				INFOPLIST_FILE = "$(SRCROOT)/ClockworkRouter/Assets/Info.plist";
				INSTALL_PATH = "$(LOCAL_LIBRARY_DIR)/Frameworks";
				LD_RUNPATH_SEARCH_PATHS = (
					"$(inherited)",
					"@executable_path/Frameworks",
					"@loader_path/Frameworks",
				);
				PRODUCT_BUNDLE_IDENTIFIER = com.atelierclockwork.ClockworkRouter;
				PRODUCT_NAME = "$(TARGET_NAME:c99extidentifier)";
				SKIP_INSTALL = YES;
				SWIFT_OPTIMIZATION_LEVEL = "-Onone";
				SWIFT_VERSION = 4.2;
				TARGETED_DEVICE_FAMILY = "1,2";
				VERSIONING_SYSTEM = "apple-generic";
				VERSION_INFO_PREFIX = "";
			};
			name = Debug;
		};
		72CE15F221674CD800184F3B /* Release */ = {
			isa = XCBuildConfiguration;
			buildSettings = {
				CLANG_ENABLE_MODULES = YES;
				CODE_SIGN_IDENTITY = "";
				CODE_SIGN_STYLE = Automatic;
				CURRENT_PROJECT_VERSION = 1;
				DEFINES_MODULE = YES;
				DEVELOPMENT_TEAM = 8NQ6VJNLCQ;
				DYLIB_COMPATIBILITY_VERSION = 1;
				DYLIB_CURRENT_VERSION = 1;
				DYLIB_INSTALL_NAME_BASE = "@rpath";
				INFOPLIST_FILE = "$(SRCROOT)/ClockworkRouter/Assets/Info.plist";
				INSTALL_PATH = "$(LOCAL_LIBRARY_DIR)/Frameworks";
				LD_RUNPATH_SEARCH_PATHS = (
					"$(inherited)",
					"@executable_path/Frameworks",
					"@loader_path/Frameworks",
				);
				PRODUCT_BUNDLE_IDENTIFIER = com.atelierclockwork.ClockworkRouter;
				PRODUCT_NAME = "$(TARGET_NAME:c99extidentifier)";
				SKIP_INSTALL = YES;
				SWIFT_VERSION = 4.2;
				TARGETED_DEVICE_FAMILY = "1,2";
				VERSIONING_SYSTEM = "apple-generic";
				VERSION_INFO_PREFIX = "";
			};
			name = Release;
		};
		72CE15F421674CD800184F3B /* Debug */ = {
			isa = XCBuildConfiguration;
			buildSettings = {
				ALWAYS_EMBED_SWIFT_STANDARD_LIBRARIES = YES;
				CODE_SIGN_STYLE = Automatic;
				DEVELOPMENT_TEAM = 8NQ6VJNLCQ;
				INFOPLIST_FILE = ClockworkRouterTests/Assets/Info.plist;
				LD_RUNPATH_SEARCH_PATHS = (
					"$(inherited)",
					"@executable_path/Frameworks",
					"@loader_path/Frameworks",
				);
				PRODUCT_BUNDLE_IDENTIFIER = com.atelierclockwork.ClockworkRouterTests;
				PRODUCT_NAME = "$(TARGET_NAME)";
				SWIFT_VERSION = 4.2;
				TARGETED_DEVICE_FAMILY = "1,2";
				TEST_HOST = "$(BUILT_PRODUCTS_DIR)/ClockworkRouterDemo.app/ClockworkRouterDemo";
			};
			name = Debug;
		};
		72CE15F521674CD800184F3B /* Release */ = {
			isa = XCBuildConfiguration;
			buildSettings = {
				ALWAYS_EMBED_SWIFT_STANDARD_LIBRARIES = YES;
				CODE_SIGN_STYLE = Automatic;
				DEVELOPMENT_TEAM = 8NQ6VJNLCQ;
				INFOPLIST_FILE = ClockworkRouterTests/Assets/Info.plist;
				LD_RUNPATH_SEARCH_PATHS = (
					"$(inherited)",
					"@executable_path/Frameworks",
					"@loader_path/Frameworks",
				);
				PRODUCT_BUNDLE_IDENTIFIER = com.atelierclockwork.ClockworkRouterTests;
				PRODUCT_NAME = "$(TARGET_NAME)";
				SWIFT_VERSION = 4.2;
				TARGETED_DEVICE_FAMILY = "1,2";
				TEST_HOST = "$(BUILT_PRODUCTS_DIR)/ClockworkRouterDemo.app/ClockworkRouterDemo";
			};
			name = Release;
		};
		72CE15FA21674DA900184F3B /* Debug */ = {
			isa = XCBuildConfiguration;
			buildSettings = {
				CODE_SIGN_STYLE = Automatic;
				DEVELOPMENT_TEAM = 8NQ6VJNLCQ;
				PRODUCT_NAME = "$(TARGET_NAME)";
			};
			name = Debug;
		};
		72CE15FB21674DA900184F3B /* Release */ = {
			isa = XCBuildConfiguration;
			buildSettings = {
				CODE_SIGN_STYLE = Automatic;
				DEVELOPMENT_TEAM = 8NQ6VJNLCQ;
				PRODUCT_NAME = "$(TARGET_NAME)";
			};
			name = Release;
		};
		72F4792B216746C00083EDBE /* Debug */ = {
			isa = XCBuildConfiguration;
			buildSettings = {
				ALWAYS_SEARCH_USER_PATHS = NO;
				CLANG_ANALYZER_NONNULL = YES;
				CLANG_ANALYZER_NUMBER_OBJECT_CONVERSION = YES_AGGRESSIVE;
				CLANG_CXX_LANGUAGE_STANDARD = "gnu++14";
				CLANG_CXX_LIBRARY = "libc++";
				CLANG_ENABLE_MODULES = YES;
				CLANG_ENABLE_OBJC_ARC = YES;
				CLANG_ENABLE_OBJC_WEAK = YES;
				CLANG_WARN_BLOCK_CAPTURE_AUTORELEASING = YES;
				CLANG_WARN_BOOL_CONVERSION = YES;
				CLANG_WARN_COMMA = YES;
				CLANG_WARN_CONSTANT_CONVERSION = YES;
				CLANG_WARN_DEPRECATED_OBJC_IMPLEMENTATIONS = YES;
				CLANG_WARN_DIRECT_OBJC_ISA_USAGE = YES_ERROR;
				CLANG_WARN_DOCUMENTATION_COMMENTS = YES;
				CLANG_WARN_EMPTY_BODY = YES;
				CLANG_WARN_ENUM_CONVERSION = YES;
				CLANG_WARN_INFINITE_RECURSION = YES;
				CLANG_WARN_INT_CONVERSION = YES;
				CLANG_WARN_NON_LITERAL_NULL_CONVERSION = YES;
				CLANG_WARN_OBJC_IMPLICIT_RETAIN_SELF = YES;
				CLANG_WARN_OBJC_LITERAL_CONVERSION = YES;
				CLANG_WARN_OBJC_ROOT_CLASS = YES_ERROR;
				CLANG_WARN_RANGE_LOOP_ANALYSIS = YES;
				CLANG_WARN_STRICT_PROTOTYPES = YES;
				CLANG_WARN_SUSPICIOUS_MOVE = YES;
				CLANG_WARN_UNGUARDED_AVAILABILITY = YES_AGGRESSIVE;
				CLANG_WARN_UNREACHABLE_CODE = YES;
				CLANG_WARN__DUPLICATE_METHOD_MATCH = YES;
				CODE_SIGN_IDENTITY = "iPhone Developer";
				COPY_PHASE_STRIP = NO;
				DEBUG_INFORMATION_FORMAT = dwarf;
				ENABLE_STRICT_OBJC_MSGSEND = YES;
				ENABLE_TESTABILITY = YES;
				GCC_C_LANGUAGE_STANDARD = gnu11;
				GCC_DYNAMIC_NO_PIC = NO;
				GCC_NO_COMMON_BLOCKS = YES;
				GCC_OPTIMIZATION_LEVEL = 0;
				GCC_PREPROCESSOR_DEFINITIONS = (
					"DEBUG=1",
					"$(inherited)",
				);
				GCC_WARN_64_TO_32_BIT_CONVERSION = YES;
				GCC_WARN_ABOUT_RETURN_TYPE = YES_ERROR;
				GCC_WARN_UNDECLARED_SELECTOR = YES;
				GCC_WARN_UNINITIALIZED_AUTOS = YES_AGGRESSIVE;
				GCC_WARN_UNUSED_FUNCTION = YES;
				GCC_WARN_UNUSED_VARIABLE = YES;
				IPHONEOS_DEPLOYMENT_TARGET = 12.0;
				MTL_ENABLE_DEBUG_INFO = INCLUDE_SOURCE;
				MTL_FAST_MATH = YES;
				ONLY_ACTIVE_ARCH = YES;
				SDKROOT = iphoneos;
				SWIFT_ACTIVE_COMPILATION_CONDITIONS = DEBUG;
				SWIFT_OPTIMIZATION_LEVEL = "-Onone";
			};
			name = Debug;
		};
		72F4792C216746C00083EDBE /* Release */ = {
			isa = XCBuildConfiguration;
			buildSettings = {
				ALWAYS_SEARCH_USER_PATHS = NO;
				CLANG_ANALYZER_NONNULL = YES;
				CLANG_ANALYZER_NUMBER_OBJECT_CONVERSION = YES_AGGRESSIVE;
				CLANG_CXX_LANGUAGE_STANDARD = "gnu++14";
				CLANG_CXX_LIBRARY = "libc++";
				CLANG_ENABLE_MODULES = YES;
				CLANG_ENABLE_OBJC_ARC = YES;
				CLANG_ENABLE_OBJC_WEAK = YES;
				CLANG_WARN_BLOCK_CAPTURE_AUTORELEASING = YES;
				CLANG_WARN_BOOL_CONVERSION = YES;
				CLANG_WARN_COMMA = YES;
				CLANG_WARN_CONSTANT_CONVERSION = YES;
				CLANG_WARN_DEPRECATED_OBJC_IMPLEMENTATIONS = YES;
				CLANG_WARN_DIRECT_OBJC_ISA_USAGE = YES_ERROR;
				CLANG_WARN_DOCUMENTATION_COMMENTS = YES;
				CLANG_WARN_EMPTY_BODY = YES;
				CLANG_WARN_ENUM_CONVERSION = YES;
				CLANG_WARN_INFINITE_RECURSION = YES;
				CLANG_WARN_INT_CONVERSION = YES;
				CLANG_WARN_NON_LITERAL_NULL_CONVERSION = YES;
				CLANG_WARN_OBJC_IMPLICIT_RETAIN_SELF = YES;
				CLANG_WARN_OBJC_LITERAL_CONVERSION = YES;
				CLANG_WARN_OBJC_ROOT_CLASS = YES_ERROR;
				CLANG_WARN_RANGE_LOOP_ANALYSIS = YES;
				CLANG_WARN_STRICT_PROTOTYPES = YES;
				CLANG_WARN_SUSPICIOUS_MOVE = YES;
				CLANG_WARN_UNGUARDED_AVAILABILITY = YES_AGGRESSIVE;
				CLANG_WARN_UNREACHABLE_CODE = YES;
				CLANG_WARN__DUPLICATE_METHOD_MATCH = YES;
				CODE_SIGN_IDENTITY = "iPhone Developer";
				COPY_PHASE_STRIP = NO;
				DEBUG_INFORMATION_FORMAT = "dwarf-with-dsym";
				ENABLE_NS_ASSERTIONS = NO;
				ENABLE_STRICT_OBJC_MSGSEND = YES;
				GCC_C_LANGUAGE_STANDARD = gnu11;
				GCC_NO_COMMON_BLOCKS = YES;
				GCC_WARN_64_TO_32_BIT_CONVERSION = YES;
				GCC_WARN_ABOUT_RETURN_TYPE = YES_ERROR;
				GCC_WARN_UNDECLARED_SELECTOR = YES;
				GCC_WARN_UNINITIALIZED_AUTOS = YES_AGGRESSIVE;
				GCC_WARN_UNUSED_FUNCTION = YES;
				GCC_WARN_UNUSED_VARIABLE = YES;
				IPHONEOS_DEPLOYMENT_TARGET = 12.0;
				MTL_ENABLE_DEBUG_INFO = NO;
				MTL_FAST_MATH = YES;
				SDKROOT = iphoneos;
				SWIFT_COMPILATION_MODE = wholemodule;
				SWIFT_OPTIMIZATION_LEVEL = "-O";
				VALIDATE_PRODUCT = YES;
			};
			name = Release;
		};
		72F4792E216746C00083EDBE /* Debug */ = {
			isa = XCBuildConfiguration;
			buildSettings = {
				ALWAYS_EMBED_SWIFT_STANDARD_LIBRARIES = YES;
				ASSETCATALOG_COMPILER_APPICON_NAME = AppIcon;
				CODE_SIGN_STYLE = Automatic;
				DEVELOPMENT_TEAM = 8NQ6VJNLCQ;
				INFOPLIST_FILE = "$(SRCROOT)/ClockworkRouterDemo/Assets/Info.plist";
				LD_RUNPATH_SEARCH_PATHS = (
					"$(inherited)",
					"@executable_path/Frameworks",
				);
				PRODUCT_BUNDLE_IDENTIFIER = com.atelierclockwork.ClockworkRouter.Demo;
				PRODUCT_NAME = "$(TARGET_NAME)";
				SWIFT_VERSION = 4.2;
				TARGETED_DEVICE_FAMILY = "1,2";
			};
			name = Debug;
		};
		72F4792F216746C00083EDBE /* Release */ = {
			isa = XCBuildConfiguration;
			buildSettings = {
				ALWAYS_EMBED_SWIFT_STANDARD_LIBRARIES = YES;
				ASSETCATALOG_COMPILER_APPICON_NAME = AppIcon;
				CODE_SIGN_STYLE = Automatic;
				DEVELOPMENT_TEAM = 8NQ6VJNLCQ;
				INFOPLIST_FILE = "$(SRCROOT)/ClockworkRouterDemo/Assets/Info.plist";
				LD_RUNPATH_SEARCH_PATHS = (
					"$(inherited)",
					"@executable_path/Frameworks",
				);
				PRODUCT_BUNDLE_IDENTIFIER = com.atelierclockwork.ClockworkRouter.Demo;
				PRODUCT_NAME = "$(TARGET_NAME)";
				SWIFT_VERSION = 4.2;
				TARGETED_DEVICE_FAMILY = "1,2";
			};
			name = Release;
		};
/* End XCBuildConfiguration section */

/* Begin XCConfigurationList section */
		72CE15F021674CD800184F3B /* Build configuration list for PBXNativeTarget "ClockworkRouter" */ = {
			isa = XCConfigurationList;
			buildConfigurations = (
				72CE15F121674CD800184F3B /* Debug */,
				72CE15F221674CD800184F3B /* Release */,
			);
			defaultConfigurationIsVisible = 0;
			defaultConfigurationName = Release;
		};
		72CE15F321674CD800184F3B /* Build configuration list for PBXNativeTarget "ClockworkRouterTests" */ = {
			isa = XCConfigurationList;
			buildConfigurations = (
				72CE15F421674CD800184F3B /* Debug */,
				72CE15F521674CD800184F3B /* Release */,
			);
			defaultConfigurationIsVisible = 0;
			defaultConfigurationName = Release;
		};
		72CE15F921674DA900184F3B /* Build configuration list for PBXAggregateTarget "SwiftLint" */ = {
			isa = XCConfigurationList;
			buildConfigurations = (
				72CE15FA21674DA900184F3B /* Debug */,
				72CE15FB21674DA900184F3B /* Release */,
			);
			defaultConfigurationIsVisible = 0;
			defaultConfigurationName = Release;
		};
		72F4790B216746BF0083EDBE /* Build configuration list for PBXProject "ClockworkRouter" */ = {
			isa = XCConfigurationList;
			buildConfigurations = (
				72F4792B216746C00083EDBE /* Debug */,
				72F4792C216746C00083EDBE /* Release */,
			);
			defaultConfigurationIsVisible = 0;
			defaultConfigurationName = Release;
		};
		72F4792D216746C00083EDBE /* Build configuration list for PBXNativeTarget "ClockworkRouterDemo" */ = {
			isa = XCConfigurationList;
			buildConfigurations = (
				72F4792E216746C00083EDBE /* Debug */,
				72F4792F216746C00083EDBE /* Release */,
			);
			defaultConfigurationIsVisible = 0;
			defaultConfigurationName = Release;
		};
/* End XCConfigurationList section */
	};
	rootObject = 72F47908216746BF0083EDBE /* Project object */;
}
